<?xml version="1.0" encoding="utf-8"?>
<Project ToolsVersion="4.0" xmlns="http://schemas.microsoft.com/developer/msbuild/2003">
  <ItemGroup>
    <Filter Include="Source Files">
      <UniqueIdentifier>{4FC737F1-C7A5-4376-A066-2A32D752A2FF}</UniqueIdentifier>
      <Extensions>cpp;c;cc;cxx;def;odl;idl;hpj;bat;asm;asmx</Extensions>
    </Filter>
    <Filter Include="Header Files">
      <UniqueIdentifier>{93995380-89BD-4b04-88EB-625FBE52EBFB}</UniqueIdentifier>
      <Extensions>h;hh;hpp;hxx;hm;inl;inc;xsd</Extensions>
    </Filter>
  </ItemGroup>
  <ItemGroup>
    <ClCompile Include="bindtextdom.c">
      <Filter>Source Files</Filter>
    </ClCompile>
    <ClCompile Include="dcgettext.c">
      <Filter>Source Files</Filter>
    </ClCompile>
    <ClCompile Include="dcigettext.c">
      <Filter>Source Files</Filter>
    </ClCompile>
    <ClCompile Include="dcngettext.c">
      <Filter>Source Files</Filter>
    </ClCompile>
    <ClCompile Include="dgettext.c">
      <Filter>Source Files</Filter>
    </ClCompile>
    <ClCompile Include="dngettext.c">
      <Filter>Source Files</Filter>
    </ClCompile>
    <ClCompile Include="explodename.c">
      <Filter>Source Files</Filter>
    </ClCompile>
    <ClCompile Include="finddomain.c">
      <Filter>Source Files</Filter>
    </ClCompile>
    <ClCompile Include="gettext.c">
      <Filter>Source Files</Filter>
    </ClCompile>
    <ClCompile Include="intl-compat.c">
      <Filter>Source Files</Filter>
    </ClCompile>
    <ClCompile Include="l10nflist.c">
      <Filter>Source Files</Filter>
    </ClCompile>
    <ClCompile Include="langprefs.c">
      <Filter>Source Files</Filter>
    </ClCompile>
    <ClCompile Include="loadmsgcat.c">
      <Filter>Source Files</Filter>
    </ClCompile>
    <ClCompile Include="localcharset.c">
      <Filter>Source Files</Filter>
    </ClCompile>
    <ClCompile Include="localealias.c">
      <Filter>Source Files</Filter>
    </ClCompile>
    <ClCompile Include="localename.c">
      <Filter>Source Files</Filter>
    </ClCompile>
    <ClCompile Include="log.c">
      <Filter>Source Files</Filter>
    </ClCompile>
    <ClCompile Include="ngettext.c">
      <Filter>Source Files</Filter>
    </ClCompile>
    <ClCompile Include="osdep.c">
      <Filter>Source Files</Filter>
    </ClCompile>
    <ClCompile Include="plural.c">
      <Filter>Source Files</Filter>
    </ClCompile>
    <ClCompile Include="plural-exp.c">
      <Filter>Source Files</Filter>
    </ClCompile>
    <ClCompile Include="printf.c">
      <Filter>Source Files</Filter>
    </ClCompile>
    <ClCompile Include="printf-args.c">
      <Filter>Source Files</Filter>
    </ClCompile>
    <ClCompile Include="printf-parse.c">
      <Filter>Source Files</Filter>
    </ClCompile>
    <ClCompile Include="relocatable.c">
      <Filter>Source Files</Filter>
    </ClCompile>
    <ClCompile Include="textdomain.c">
      <Filter>Source Files</Filter>
    </ClCompile>
    <ClCompile Include="vasnprintf.c">
      <Filter>Source Files</Filter>
    </ClCompile>
  </ItemGroup>
  <ItemGroup>
    <ClInclude Include="eval-plural.h">
      <Filter>Header Files</Filter>
    </ClInclude>
    <ClInclude Include="gettextP.h">
      <Filter>Header Files</Filter>
    </ClInclude>
    <ClInclude Include="gmo.h">
      <Filter>Header Files</Filter>
    </ClInclude>
    <ClInclude Include="hash-string.h">
      <Filter>Header Files</Filter>
    </ClInclude>
    <ClInclude Include="loadinfo.h">
      <Filter>Header Files</Filter>
    </ClInclude>
    <ClInclude Include="localcharset.h">
      <Filter>Header Files</Filter>
    </ClInclude>
    <ClInclude Include="os2compat.h">
      <Filter>Header Files</Filter>
    </ClInclude>
    <ClInclude Include="plural-exp.h">
      <Filter>Header Files</Filter>
    </ClInclude>
    <ClInclude Include="printf-args.h">
      <Filter>Header Files</Filter>
    </ClInclude>
    <ClInclude Include="printf-parse.h">
      <Filter>Header Files</Filter>
    </ClInclude>
    <ClInclude Include="relocatable.h">
      <Filter>Header Files</Filter>
    </ClInclude>
    <ClInclude Include="vasnprintf.h">
      <Filter>Header Files</Filter>
    </ClInclude>
    <ClInclude Include="vasnwprintf.h">
      <Filter>Header Files</Filter>
    </ClInclude>
    <ClInclude Include="wprintf-parse.h">
      <Filter>Header Files</Filter>
    </ClInclude>
    <ClInclude Include="xsize.h">
      <Filter>Header Files</Filter>
    </ClInclude>
  </ItemGroup>
</Project>